// !$*UTF8*$!
{
	archiveVersion = 1;
	classes = {
	};
	objectVersion = 45;
	objects = {

/* Begin PBXBuildFile section */
		AACBBE4A0F95108600F1A2B1 /* Foundation.framework in Frameworks */ = {isa = PBXBuildFile; fileRef = AACBBE490F95108600F1A2B1 /* Foundation.framework */; };
		B50806FF122E4ECF00C330E2 /* Texture.h in Headers */ = {isa = PBXBuildFile; fileRef = B50806FD122E4ECF00C330E2 /* Texture.h */; settings = {ATTRIBUTES = (Public, ); }; };
		B5080700122E4ECF00C330E2 /* Texture.m in Sources */ = {isa = PBXBuildFile; fileRef = B50806FE122E4ECF00C330E2 /* Texture.m */; };
		B5080703122E4EE900C330E2 /* Texture2D.h in Headers */ = {isa = PBXBuildFile; fileRef = B5080701122E4EE900C330E2 /* Texture2D.h */; settings = {ATTRIBUTES = (Public, ); }; };
		B5080704122E4EE900C330E2 /* Texture2D.m in Sources */ = {isa = PBXBuildFile; fileRef = B5080702122E4EE900C330E2 /* Texture2D.m */; };
		B508070C122E4FBB00C330E2 /* GraphicsResource.h in Headers */ = {isa = PBXBuildFile; fileRef = B508070A122E4FBB00C330E2 /* GraphicsResource.h */; settings = {ATTRIBUTES = (Public, ); }; };
		B508070D122E4FBB00C330E2 /* GraphicsResource.m in Sources */ = {isa = PBXBuildFile; fileRef = B508070B122E4FBB00C330E2 /* GraphicsResource.m */; };
		B5DDE7EB11FF04E3000DB38B /* Game.h in Headers */ = {isa = PBXBuildFile; fileRef = B5DDE7E911FF04E3000DB38B /* Game.h */; settings = {ATTRIBUTES = (Public, ); }; };
		B5DDE7EC11FF04E3000DB38B /* Game.m in Sources */ = {isa = PBXBuildFile; fileRef = B5DDE7EA11FF04E3000DB38B /* Game.m */; };
		B5DDE7EF11FF06BB000DB38B /* GameServiceContainer.h in Headers */ = {isa = PBXBuildFile; fileRef = B5DDE7ED11FF06BB000DB38B /* GameServiceContainer.h */; settings = {ATTRIBUTES = (Public, ); }; };
		B5DDE7F011FF06BB000DB38B /* GameServiceContainer.m in Sources */ = {isa = PBXBuildFile; fileRef = B5DDE7EE11FF06BB000DB38B /* GameServiceContainer.m */; };
		B5DDE7FF11FF0A0F000DB38B /* GameComponentCollection.h in Headers */ = {isa = PBXBuildFile; fileRef = B5DDE7FD11FF0A0F000DB38B /* GameComponentCollection.h */; settings = {ATTRIBUTES = (Public, ); }; };
		B5DDE80011FF0A0F000DB38B /* GameComponentCollection.m in Sources */ = {isa = PBXBuildFile; fileRef = B5DDE7FE11FF0A0F000DB38B /* GameComponentCollection.m */; };
		B5DDE80211FF0AE3000DB38B /* IGameComponent.h in Headers */ = {isa = PBXBuildFile; fileRef = B5DDE80111FF0AE3000DB38B /* IGameComponent.h */; settings = {ATTRIBUTES = (Public, ); }; };
		B5DDE80511FF0B2D000DB38B /* IUpdatable.h in Headers */ = {isa = PBXBuildFile; fileRef = B5DDE80411FF0B2D000DB38B /* IUpdatable.h */; settings = {ATTRIBUTES = (Public, ); }; };
		B5DDE80711FF0B3C000DB38B /* IDrawable.h in Headers */ = {isa = PBXBuildFile; fileRef = B5DDE80611FF0B3C000DB38B /* IDrawable.h */; settings = {ATTRIBUTES = (Public, ); }; };
		B5DDE80A11FF0C24000DB38B /* GameComponentCollectionEventArgs.h in Headers */ = {isa = PBXBuildFile; fileRef = B5DDE80811FF0C24000DB38B /* GameComponentCollectionEventArgs.h */; settings = {ATTRIBUTES = (Public, ); }; };
		B5DDE80B11FF0C24000DB38B /* GameComponentCollectionEventArgs.m in Sources */ = {isa = PBXBuildFile; fileRef = B5DDE80911FF0C24000DB38B /* GameComponentCollectionEventArgs.m */; };
		B5DDE82211FF0D4F000DB38B /* GameTime.h in Headers */ = {isa = PBXBuildFile; fileRef = B5DDE82011FF0D4F000DB38B /* GameTime.h */; settings = {ATTRIBUTES = (Public, ); }; };
		B5DDE82311FF0D4F000DB38B /* GameTime.m in Sources */ = {isa = PBXBuildFile; fileRef = B5DDE82111FF0D4F000DB38B /* GameTime.m */; };
		B5DDE82B11FF10EF000DB38B /* IGraphicsDeviceService.h in Headers */ = {isa = PBXBuildFile; fileRef = B5DDE82A11FF10EF000DB38B /* IGraphicsDeviceService.h */; settings = {ATTRIBUTES = (Public, ); }; };
		B5DDE82D11FF10FD000DB38B /* IGraphicsDeviceManager.h in Headers */ = {isa = PBXBuildFile; fileRef = B5DDE82C11FF10FD000DB38B /* IGraphicsDeviceManager.h */; settings = {ATTRIBUTES = (Public, ); }; };
		B5DDE82F11FF1213000DB38B /* Retronator.Xni.Framework.Graphics.classes.h in Headers */ = {isa = PBXBuildFile; fileRef = B5DDE82E11FF1213000DB38B /* Retronator.Xni.Framework.Graphics.classes.h */; settings = {ATTRIBUTES = (Public, ); }; };
		B5DDE83111FF1222000DB38B /* Retronator.Xni.Framework.Graphics.h in Headers */ = {isa = PBXBuildFile; fileRef = B5DDE83011FF1222000DB38B /* Retronator.Xni.Framework.Graphics.h */; settings = {ATTRIBUTES = (Public, ); }; };
		B5DDE85C11FF1326000DB38B /* GraphicsDevice.h in Headers */ = {isa = PBXBuildFile; fileRef = B5DDE85A11FF1326000DB38B /* GraphicsDevice.h */; settings = {ATTRIBUTES = (Public, ); }; };
		B5DDE85D11FF1326000DB38B /* GraphicsDevice.m in Sources */ = {isa = PBXBuildFile; fileRef = B5DDE85B11FF1326000DB38B /* GraphicsDevice.m */; };
		B5DDE89611FF16A3000DB38B /* Protocols.h in Headers */ = {isa = PBXBuildFile; fileRef = B5DDE89411FF16A3000DB38B /* Protocols.h */; settings = {ATTRIBUTES = (Public, ); }; };
		B5DDE89711FF16A3000DB38B /* Protocols.m in Sources */ = {isa = PBXBuildFile; fileRef = B5DDE89511FF16A3000DB38B /* Protocols.m */; };
		B5DDE8C311FF29E8000DB38B /* ReachGraphicsDevice.h in Headers */ = {isa = PBXBuildFile; fileRef = B5DDE8C111FF29E8000DB38B /* ReachGraphicsDevice.h */; settings = {ATTRIBUTES = (Public, ); }; };
		B5DDE8C411FF29E8000DB38B /* ReachGraphicsDevice.m in Sources */ = {isa = PBXBuildFile; fileRef = B5DDE8C211FF29E8000DB38B /* ReachGraphicsDevice.m */; };
		B5DDE8C711FF2A23000DB38B /* HiDefGraphicsDevice.h in Headers */ = {isa = PBXBuildFile; fileRef = B5DDE8C511FF2A23000DB38B /* HiDefGraphicsDevice.h */; settings = {ATTRIBUTES = (Public, ); }; };
		B5DDE8C811FF2A23000DB38B /* HiDefGraphicsDevice.m in Sources */ = {isa = PBXBuildFile; fileRef = B5DDE8C611FF2A23000DB38B /* HiDefGraphicsDevice.m */; };
		B5DDE8CA11FF2AD6000DB38B /* Enums.h in Headers */ = {isa = PBXBuildFile; fileRef = B5DDE8C911FF2AD6000DB38B /* Enums.h */; settings = {ATTRIBUTES = (Public, ); }; };
		B5DDE90911FF352E000DB38B /* Color.h in Headers */ = {isa = PBXBuildFile; fileRef = B5DDE90711FF352E000DB38B /* Color.h */; settings = {ATTRIBUTES = (Public, ); }; };
		B5DDE90A11FF352E000DB38B /* Color.m in Sources */ = {isa = PBXBuildFile; fileRef = B5DDE90811FF352E000DB38B /* Color.m */; };
		B5DDE99111FF546B000DB38B /* GraphicsDeviceManager.h in Headers */ = {isa = PBXBuildFile; fileRef = B5DDE98F11FF546B000DB38B /* GraphicsDeviceManager.h */; settings = {ATTRIBUTES = (Public, ); }; };
		B5DDE99211FF546B000DB38B /* GraphicsDeviceManager.m in Sources */ = {isa = PBXBuildFile; fileRef = B5DDE99011FF546B000DB38B /* GraphicsDeviceManager.m */; };
		B5DDEA2811FF62FD000DB38B /* System.classes.h in Headers */ = {isa = PBXBuildFile; fileRef = B5DE189E11F8886D00BF3275 /* System.classes.h */; settings = {ATTRIBUTES = (Public, ); }; };
		B5DE189811F8884A00BF3275 /* Delegate.h in Headers */ = {isa = PBXBuildFile; fileRef = B5DE189211F8884A00BF3275 /* Delegate.h */; settings = {ATTRIBUTES = (Public, ); }; };
		B5DE189911F8884A00BF3275 /* Delegate.m in Sources */ = {isa = PBXBuildFile; fileRef = B5DE189311F8884A00BF3275 /* Delegate.m */; };
		B5DE189A11F8884A00BF3275 /* Event.h in Headers */ = {isa = PBXBuildFile; fileRef = B5DE189411F8884A00BF3275 /* Event.h */; settings = {ATTRIBUTES = (Public, ); }; };
		B5DE189B11F8884A00BF3275 /* Event.m in Sources */ = {isa = PBXBuildFile; fileRef = B5DE189511F8884A00BF3275 /* Event.m */; };
		B5DE189C11F8884A00BF3275 /* EventArgs.h in Headers */ = {isa = PBXBuildFile; fileRef = B5DE189611F8884A00BF3275 /* EventArgs.h */; settings = {ATTRIBUTES = (Public, ); }; };
		B5DE189D11F8884A00BF3275 /* EventArgs.m in Sources */ = {isa = PBXBuildFile; fileRef = B5DE189711F8884A00BF3275 /* EventArgs.m */; };
		B5DE18A111F8888B00BF3275 /* Retronator.Xni.Framework.classes.h in Headers */ = {isa = PBXBuildFile; fileRef = B5DE189F11F8888B00BF3275 /* Retronator.Xni.Framework.classes.h */; settings = {ATTRIBUTES = (Public, ); }; };
		B5DE18A211F8888B00BF3275 /* Retronator.Xni.Framework.h in Headers */ = {isa = PBXBuildFile; fileRef = B5DE18A011F8888B00BF3275 /* Retronator.Xni.Framework.h */; settings = {ATTRIBUTES = (Public, ); }; };
		B5DE18A411F888BC00BF3275 /* System.h in Headers */ = {isa = PBXBuildFile; fileRef = B5DE18A311F888BC00BF3275 /* System.h */; settings = {ATTRIBUTES = (Public, ); }; };
		B5DE18FE11F88AD900BF3275 /* GameHost.h in Headers */ = {isa = PBXBuildFile; fileRef = B5DE18FA11F88AD900BF3275 /* GameHost.h */; settings = {ATTRIBUTES = (Public, ); }; };
		B5DE18FF11F88AD900BF3275 /* GameHost.m in Sources */ = {isa = PBXBuildFile; fileRef = B5DE18FB11F88AD900BF3275 /* GameHost.m */; };
		B5DE190011F88AD900BF3275 /* GameWindow.h in Headers */ = {isa = PBXBuildFile; fileRef = B5DE18FC11F88AD900BF3275 /* GameWindow.h */; settings = {ATTRIBUTES = (Public, ); }; };
		B5DE190111F88AD900BF3275 /* GameWindow.m in Sources */ = {isa = PBXBuildFile; fileRef = B5DE18FD11F88AD900BF3275 /* GameWindow.m */; };
		B5DE190411F88AF500BF3275 /* Rectangle.h in Headers */ = {isa = PBXBuildFile; fileRef = B5DE190211F88AF500BF3275 /* Rectangle.h */; settings = {ATTRIBUTES = (Public, ); }; };
		B5DE190511F88AF500BF3275 /* Rectangle.m in Sources */ = {isa = PBXBuildFile; fileRef = B5DE190311F88AF500BF3275 /* Rectangle.m */; };
		B5DE190711F88B5D00BF3275 /* RectangleStruct.h in Headers */ = {isa = PBXBuildFile; fileRef = B5DE190611F88B5D00BF3275 /* RectangleStruct.h */; settings = {ATTRIBUTES = (Public, ); }; };
		B5DE193111F898AE00BF3275 /* DisplayOrientation.h in Headers */ = {isa = PBXBuildFile; fileRef = B5DE193011F898AE00BF3275 /* DisplayOrientation.h */; settings = {ATTRIBUTES = (Public, ); }; };
		B5DE194A11F89C0900BF3275 /* GameViewController.h in Headers */ = {isa = PBXBuildFile; fileRef = B5DE194811F89C0900BF3275 /* GameViewController.h */; settings = {ATTRIBUTES = (Public, ); }; };
		B5DE194B11F89C0900BF3275 /* GameViewController.m in Sources */ = {isa = PBXBuildFile; fileRef = B5DE194911F89C0900BF3275 /* GameViewController.m */; };
		B5DE194E11F89C1F00BF3275 /* GameView.h in Headers */ = {isa = PBXBuildFile; fileRef = B5DE194C11F89C1F00BF3275 /* GameView.h */; settings = {ATTRIBUTES = (Public, ); }; };
		B5DE194F11F89C1F00BF3275 /* GameView.m in Sources */ = {isa = PBXBuildFile; fileRef = B5DE194D11F89C1F00BF3275 /* GameView.m */; };
		B5F4E2A912095FAF00B2FC0F /* XNI_Prefix.pch in Headers */ = {isa = PBXBuildFile; fileRef = B5F4E2A812095FAF00B2FC0F /* XNI_Prefix.pch */; };
/* End PBXBuildFile section */

/* Begin PBXFileReference section */
		AACBBE490F95108600F1A2B1 /* Foundation.framework */ = {isa = PBXFileReference; lastKnownFileType = wrapper.framework; name = Foundation.framework; path = System/Library/Frameworks/Foundation.framework; sourceTree = SDKROOT; };
		B50806FD122E4ECF00C330E2 /* Texture.h */ = {isa = PBXFileReference; fileEncoding = 4; lastKnownFileType = sourcecode.c.h; path = Texture.h; sourceTree = "<group>"; };
		B50806FE122E4ECF00C330E2 /* Texture.m */ = {isa = PBXFileReference; fileEncoding = 4; lastKnownFileType = sourcecode.c.objc; path = Texture.m; sourceTree = "<group>"; };
		B5080701122E4EE900C330E2 /* Texture2D.h */ = {isa = PBXFileReference; fileEncoding = 4; lastKnownFileType = sourcecode.c.h; path = Texture2D.h; sourceTree = "<group>"; };
		B5080702122E4EE900C330E2 /* Texture2D.m */ = {isa = PBXFileReference; fileEncoding = 4; lastKnownFileType = sourcecode.c.objc; path = Texture2D.m; sourceTree = "<group>"; };
		B508070A122E4FBB00C330E2 /* GraphicsResource.h */ = {isa = PBXFileReference; fileEncoding = 4; lastKnownFileType = sourcecode.c.h; path = GraphicsResource.h; sourceTree = "<group>"; };
		B508070B122E4FBB00C330E2 /* GraphicsResource.m */ = {isa = PBXFileReference; fileEncoding = 4; lastKnownFileType = sourcecode.c.objc; path = GraphicsResource.m; sourceTree = "<group>"; };
		B5DDE7E911FF04E3000DB38B /* Game.h */ = {isa = PBXFileReference; fileEncoding = 4; lastKnownFileType = sourcecode.c.h; path = Game.h; sourceTree = "<group>"; };
		B5DDE7EA11FF04E3000DB38B /* Game.m */ = {isa = PBXFileReference; fileEncoding = 4; lastKnownFileType = sourcecode.c.objc; path = Game.m; sourceTree = "<group>"; };
		B5DDE7ED11FF06BB000DB38B /* GameServiceContainer.h */ = {isa = PBXFileReference; fileEncoding = 4; lastKnownFileType = sourcecode.c.h; path = GameServiceContainer.h; sourceTree = "<group>"; };
		B5DDE7EE11FF06BB000DB38B /* GameServiceContainer.m */ = {isa = PBXFileReference; fileEncoding = 4; lastKnownFileType = sourcecode.c.objc; path = GameServiceContainer.m; sourceTree = "<group>"; };
		B5DDE7FD11FF0A0F000DB38B /* GameComponentCollection.h */ = {isa = PBXFileReference; fileEncoding = 4; lastKnownFileType = sourcecode.c.h; path = GameComponentCollection.h; sourceTree = "<group>"; };
		B5DDE7FE11FF0A0F000DB38B /* GameComponentCollection.m */ = {isa = PBXFileReference; fileEncoding = 4; lastKnownFileType = sourcecode.c.objc; path = GameComponentCollection.m; sourceTree = "<group>"; };
		B5DDE80111FF0AE3000DB38B /* IGameComponent.h */ = {isa = PBXFileReference; fileEncoding = 4; lastKnownFileType = sourcecode.c.h; path = IGameComponent.h; sourceTree = "<group>"; };
		B5DDE80411FF0B2D000DB38B /* IUpdatable.h */ = {isa = PBXFileReference; fileEncoding = 4; lastKnownFileType = sourcecode.c.h; path = IUpdatable.h; sourceTree = "<group>"; };
		B5DDE80611FF0B3C000DB38B /* IDrawable.h */ = {isa = PBXFileReference; fileEncoding = 4; lastKnownFileType = sourcecode.c.h; path = IDrawable.h; sourceTree = "<group>"; };
		B5DDE80811FF0C24000DB38B /* GameComponentCollectionEventArgs.h */ = {isa = PBXFileReference; fileEncoding = 4; lastKnownFileType = sourcecode.c.h; path = GameComponentCollectionEventArgs.h; sourceTree = "<group>"; };
		B5DDE80911FF0C24000DB38B /* GameComponentCollectionEventArgs.m */ = {isa = PBXFileReference; fileEncoding = 4; lastKnownFileType = sourcecode.c.objc; path = GameComponentCollectionEventArgs.m; sourceTree = "<group>"; };
		B5DDE82011FF0D4F000DB38B /* GameTime.h */ = {isa = PBXFileReference; fileEncoding = 4; lastKnownFileType = sourcecode.c.h; path = GameTime.h; sourceTree = "<group>"; };
		B5DDE82111FF0D4F000DB38B /* GameTime.m */ = {isa = PBXFileReference; fileEncoding = 4; lastKnownFileType = sourcecode.c.objc; path = GameTime.m; sourceTree = "<group>"; };
		B5DDE82A11FF10EF000DB38B /* IGraphicsDeviceService.h */ = {isa = PBXFileReference; fileEncoding = 4; lastKnownFileType = sourcecode.c.h; path = IGraphicsDeviceService.h; sourceTree = "<group>"; };
		B5DDE82C11FF10FD000DB38B /* IGraphicsDeviceManager.h */ = {isa = PBXFileReference; fileEncoding = 4; lastKnownFileType = sourcecode.c.h; path = IGraphicsDeviceManager.h; sourceTree = "<group>"; };
		B5DDE82E11FF1213000DB38B /* Retronator.Xni.Framework.Graphics.classes.h */ = {isa = PBXFileReference; fileEncoding = 4; lastKnownFileType = sourcecode.c.h; path = Retronator.Xni.Framework.Graphics.classes.h; sourceTree = "<group>"; };
		B5DDE83011FF1222000DB38B /* Retronator.Xni.Framework.Graphics.h */ = {isa = PBXFileReference; fileEncoding = 4; lastKnownFileType = sourcecode.c.h; path = Retronator.Xni.Framework.Graphics.h; sourceTree = "<group>"; };
		B5DDE85A11FF1326000DB38B /* GraphicsDevice.h */ = {isa = PBXFileReference; fileEncoding = 4; lastKnownFileType = sourcecode.c.h; path = GraphicsDevice.h; sourceTree = "<group>"; };
		B5DDE85B11FF1326000DB38B /* GraphicsDevice.m */ = {isa = PBXFileReference; fileEncoding = 4; lastKnownFileType = sourcecode.c.objc; path = GraphicsDevice.m; sourceTree = "<group>"; };
		B5DDE89411FF16A3000DB38B /* Protocols.h */ = {isa = PBXFileReference; fileEncoding = 4; lastKnownFileType = sourcecode.c.h; path = Protocols.h; sourceTree = "<group>"; };
		B5DDE89511FF16A3000DB38B /* Protocols.m */ = {isa = PBXFileReference; fileEncoding = 4; lastKnownFileType = sourcecode.c.objc; path = Protocols.m; sourceTree = "<group>"; };
		B5DDE8C111FF29E8000DB38B /* ReachGraphicsDevice.h */ = {isa = PBXFileReference; fileEncoding = 4; lastKnownFileType = sourcecode.c.h; path = ReachGraphicsDevice.h; sourceTree = "<group>"; };
		B5DDE8C211FF29E8000DB38B /* ReachGraphicsDevice.m */ = {isa = PBXFileReference; fileEncoding = 4; lastKnownFileType = sourcecode.c.objc; path = ReachGraphicsDevice.m; sourceTree = "<group>"; };
		B5DDE8C511FF2A23000DB38B /* HiDefGraphicsDevice.h */ = {isa = PBXFileReference; fileEncoding = 4; lastKnownFileType = sourcecode.c.h; path = HiDefGraphicsDevice.h; sourceTree = "<group>"; };
		B5DDE8C611FF2A23000DB38B /* HiDefGraphicsDevice.m */ = {isa = PBXFileReference; fileEncoding = 4; lastKnownFileType = sourcecode.c.objc; path = HiDefGraphicsDevice.m; sourceTree = "<group>"; };
		B5DDE8C911FF2AD6000DB38B /* Enums.h */ = {isa = PBXFileReference; fileEncoding = 4; lastKnownFileType = sourcecode.c.h; path = Enums.h; sourceTree = "<group>"; };
		B5DDE90711FF352E000DB38B /* Color.h */ = {isa = PBXFileReference; fileEncoding = 4; lastKnownFileType = sourcecode.c.h; path = Color.h; sourceTree = "<group>"; };
		B5DDE90811FF352E000DB38B /* Color.m */ = {isa = PBXFileReference; fileEncoding = 4; lastKnownFileType = sourcecode.c.objc; path = Color.m; sourceTree = "<group>"; };
		B5DDE98F11FF546B000DB38B /* GraphicsDeviceManager.h */ = {isa = PBXFileReference; fileEncoding = 4; lastKnownFileType = sourcecode.c.h; path = GraphicsDeviceManager.h; sourceTree = "<group>"; };
		B5DDE99011FF546B000DB38B /* GraphicsDeviceManager.m */ = {isa = PBXFileReference; fileEncoding = 4; lastKnownFileType = sourcecode.c.objc; path = GraphicsDeviceManager.m; sourceTree = "<group>"; };
		B5DE189211F8884A00BF3275 /* Delegate.h */ = {isa = PBXFileReference; fileEncoding = 4; lastKnownFileType = sourcecode.c.h; path = Delegate.h; sourceTree = "<group>"; };
		B5DE189311F8884A00BF3275 /* Delegate.m */ = {isa = PBXFileReference; fileEncoding = 4; lastKnownFileType = sourcecode.c.objc; path = Delegate.m; sourceTree = "<group>"; };
		B5DE189411F8884A00BF3275 /* Event.h */ = {isa = PBXFileReference; fileEncoding = 4; lastKnownFileType = sourcecode.c.h; path = Event.h; sourceTree = "<group>"; };
		B5DE189511F8884A00BF3275 /* Event.m */ = {isa = PBXFileReference; fileEncoding = 4; lastKnownFileType = sourcecode.c.objc; path = Event.m; sourceTree = "<group>"; };
		B5DE189611F8884A00BF3275 /* EventArgs.h */ = {isa = PBXFileReference; fileEncoding = 4; lastKnownFileType = sourcecode.c.h; path = EventArgs.h; sourceTree = "<group>"; };
		B5DE189711F8884A00BF3275 /* EventArgs.m */ = {isa = PBXFileReference; fileEncoding = 4; lastKnownFileType = sourcecode.c.objc; path = EventArgs.m; sourceTree = "<group>"; };
		B5DE189E11F8886D00BF3275 /* System.classes.h */ = {isa = PBXFileReference; fileEncoding = 4; lastKnownFileType = sourcecode.c.h; path = System.classes.h; sourceTree = "<group>"; };
		B5DE189F11F8888B00BF3275 /* Retronator.Xni.Framework.classes.h */ = {isa = PBXFileReference; fileEncoding = 4; lastKnownFileType = sourcecode.c.h; path = Retronator.Xni.Framework.classes.h; sourceTree = "<group>"; };
		B5DE18A011F8888B00BF3275 /* Retronator.Xni.Framework.h */ = {isa = PBXFileReference; fileEncoding = 4; lastKnownFileType = sourcecode.c.h; path = Retronator.Xni.Framework.h; sourceTree = "<group>"; };
		B5DE18A311F888BC00BF3275 /* System.h */ = {isa = PBXFileReference; fileEncoding = 4; lastKnownFileType = sourcecode.c.h; path = System.h; sourceTree = "<group>"; };
		B5DE18FA11F88AD900BF3275 /* GameHost.h */ = {isa = PBXFileReference; fileEncoding = 4; lastKnownFileType = sourcecode.c.h; path = GameHost.h; sourceTree = "<group>"; };
		B5DE18FB11F88AD900BF3275 /* GameHost.m */ = {isa = PBXFileReference; fileEncoding = 4; lastKnownFileType = sourcecode.c.objc; path = GameHost.m; sourceTree = "<group>"; };
		B5DE18FC11F88AD900BF3275 /* GameWindow.h */ = {isa = PBXFileReference; fileEncoding = 4; lastKnownFileType = sourcecode.c.h; path = GameWindow.h; sourceTree = "<group>"; };
		B5DE18FD11F88AD900BF3275 /* GameWindow.m */ = {isa = PBXFileReference; fileEncoding = 4; lastKnownFileType = sourcecode.c.objc; path = GameWindow.m; sourceTree = "<group>"; };
		B5DE190211F88AF500BF3275 /* Rectangle.h */ = {isa = PBXFileReference; fileEncoding = 4; lastKnownFileType = sourcecode.c.h; path = Rectangle.h; sourceTree = "<group>"; };
		B5DE190311F88AF500BF3275 /* Rectangle.m */ = {isa = PBXFileReference; fileEncoding = 4; lastKnownFileType = sourcecode.c.objc; path = Rectangle.m; sourceTree = "<group>"; };
		B5DE190611F88B5D00BF3275 /* RectangleStruct.h */ = {isa = PBXFileReference; fileEncoding = 4; lastKnownFileType = sourcecode.c.h; path = RectangleStruct.h; sourceTree = "<group>"; };
		B5DE193011F898AE00BF3275 /* DisplayOrientation.h */ = {isa = PBXFileReference; fileEncoding = 4; lastKnownFileType = sourcecode.c.h; path = DisplayOrientation.h; sourceTree = "<group>"; };
		B5DE194811F89C0900BF3275 /* GameViewController.h */ = {isa = PBXFileReference; fileEncoding = 4; lastKnownFileType = sourcecode.c.h; path = GameViewController.h; sourceTree = "<group>"; };
		B5DE194911F89C0900BF3275 /* GameViewController.m */ = {isa = PBXFileReference; fileEncoding = 4; lastKnownFileType = sourcecode.c.objc; path = GameViewController.m; sourceTree = "<group>"; };
		B5DE194C11F89C1F00BF3275 /* GameView.h */ = {isa = PBXFileReference; fileEncoding = 4; lastKnownFileType = sourcecode.c.h; path = GameView.h; sourceTree = "<group>"; };
		B5DE194D11F89C1F00BF3275 /* GameView.m */ = {isa = PBXFileReference; fileEncoding = 4; lastKnownFileType = sourcecode.c.objc; path = GameView.m; sourceTree = "<group>"; };
		B5F4E2A812095FAF00B2FC0F /* XNI_Prefix.pch */ = {isa = PBXFileReference; fileEncoding = 4; lastKnownFileType = sourcecode.c.h; path = XNI_Prefix.pch; sourceTree = "<group>"; };
		D2AAC07E0554694100DB518D /* libXNI.a */ = {isa = PBXFileReference; explicitFileType = archive.ar; includeInIndex = 0; path = libXNI.a; sourceTree = BUILT_PRODUCTS_DIR; };
/* End PBXFileReference section */

/* Begin PBXFrameworksBuildPhase section */
		D2AAC07C0554694100DB518D /* Frameworks */ = {
			isa = PBXFrameworksBuildPhase;
			buildActionMask = 2147483647;
			files = (
				AACBBE4A0F95108600F1A2B1 /* Foundation.framework in Frameworks */,
			);
			runOnlyForDeploymentPostprocessing = 0;
		};
/* End PBXFrameworksBuildPhase section */

/* Begin PBXGroup section */
		034768DFFF38A50411DB9C8B /* Products */ = {
			isa = PBXGroup;
			children = (
				D2AAC07E0554694100DB518D /* libXNI.a */,
			);
			name = Products;
			sourceTree = "<group>";
		};
		0867D691FE84028FC02AAC07 /* XNI */ = {
			isa = PBXGroup;
			children = (
				08FB77AEFE84172EC02AAC07 /* Classes */,
				32C88DFF0371C24200C91783 /* Other Sources */,
				0867D69AFE84028FC02AAC07 /* Frameworks */,
				034768DFFF38A50411DB9C8B /* Products */,
			);
			name = XNI;
			sourceTree = "<group>";
		};
		0867D69AFE84028FC02AAC07 /* Frameworks */ = {
			isa = PBXGroup;
			children = (
				AACBBE490F95108600F1A2B1 /* Foundation.framework */,
			);
			name = Frameworks;
			sourceTree = "<group>";
		};
		08FB77AEFE84172EC02AAC07 /* Classes */ = {
			isa = PBXGroup;
			children = (
				B5DE188611F885E500BF3275 /* Retronator */,
				B5DE188F11F887D200BF3275 /* System */,
			);
			path = Classes;
			sourceTree = "<group>";
		};
		32C88DFF0371C24200C91783 /* Other Sources */ = {
			isa = PBXGroup;
			children = (
				B5F4E2A812095FAF00B2FC0F /* XNI_Prefix.pch */,
			);
			name = "Other Sources";
			sourceTree = "<group>";
		};
		B5DDE82911FF10D0000DB38B /* Graphics */ = {
			isa = PBXGroup;
			children = (
				B5DDE82E11FF1213000DB38B /* Retronator.Xni.Framework.Graphics.classes.h */,
				B5DDE83011FF1222000DB38B /* Retronator.Xni.Framework.Graphics.h */,
				B5DDE8C911FF2AD6000DB38B /* Enums.h */,
				B5DDE82A11FF10EF000DB38B /* IGraphicsDeviceService.h */,
				B5DDE85A11FF1326000DB38B /* GraphicsDevice.h */,
				B5DDE85B11FF1326000DB38B /* GraphicsDevice.m */,
				B5DDE8C111FF29E8000DB38B /* ReachGraphicsDevice.h */,
				B5DDE8C211FF29E8000DB38B /* ReachGraphicsDevice.m */,
				B5DDE8C511FF2A23000DB38B /* HiDefGraphicsDevice.h */,
				B5DDE8C611FF2A23000DB38B /* HiDefGraphicsDevice.m */,
				B508070A122E4FBB00C330E2 /* GraphicsResource.h */,
				B508070B122E4FBB00C330E2 /* GraphicsResource.m */,
				B50806FD122E4ECF00C330E2 /* Texture.h */,
				B50806FE122E4ECF00C330E2 /* Texture.m */,
				B5080701122E4EE900C330E2 /* Texture2D.h */,
				B5080702122E4EE900C330E2 /* Texture2D.m */,
			);
			path = Graphics;
			sourceTree = "<group>";
		};
		B5DE188611F885E500BF3275 /* Retronator */ = {
			isa = PBXGroup;
			children = (
				B5DE188D11F8879500BF3275 /* Xni */,
			);
			path = Retronator;
			sourceTree = "<group>";
		};
		B5DE188D11F8879500BF3275 /* Xni */ = {
			isa = PBXGroup;
			children = (
				B5DE188E11F887A000BF3275 /* Framework */,
			);
			path = Xni;
			sourceTree = "<group>";
		};
		B5DE188E11F887A000BF3275 /* Framework */ = {
			isa = PBXGroup;
			children = (
				B5DDE82911FF10D0000DB38B /* Graphics */,
				B5DE189F11F8888B00BF3275 /* Retronator.Xni.Framework.classes.h */,
				B5DE18A011F8888B00BF3275 /* Retronator.Xni.Framework.h */,
				B5DDE89411FF16A3000DB38B /* Protocols.h */,
				B5DDE89511FF16A3000DB38B /* Protocols.m */,
				B5DE190611F88B5D00BF3275 /* RectangleStruct.h */,
				B5DE190211F88AF500BF3275 /* Rectangle.h */,
				B5DE190311F88AF500BF3275 /* Rectangle.m */,
				B5DDE90711FF352E000DB38B /* Color.h */,
				B5DDE90811FF352E000DB38B /* Color.m */,
				B5DE18FA11F88AD900BF3275 /* GameHost.h */,
				B5DE18FB11F88AD900BF3275 /* GameHost.m */,
				B5DDE7E911FF04E3000DB38B /* Game.h */,
				B5DDE7EA11FF04E3000DB38B /* Game.m */,
				B5DE193011F898AE00BF3275 /* DisplayOrientation.h */,
				B5DE18FC11F88AD900BF3275 /* GameWindow.h */,
				B5DE18FD11F88AD900BF3275 /* GameWindow.m */,
				B5DE194811F89C0900BF3275 /* GameViewController.h */,
				B5DE194911F89C0900BF3275 /* GameViewController.m */,
				B5DE194C11F89C1F00BF3275 /* GameView.h */,
				B5DE194D11F89C1F00BF3275 /* GameView.m */,
				B5DDE7ED11FF06BB000DB38B /* GameServiceContainer.h */,
				B5DDE7EE11FF06BB000DB38B /* GameServiceContainer.m */,
				B5DDE82C11FF10FD000DB38B /* IGraphicsDeviceManager.h */,
				B5DDE98F11FF546B000DB38B /* GraphicsDeviceManager.h */,
				B5DDE99011FF546B000DB38B /* GraphicsDeviceManager.m */,
				B5DDE80111FF0AE3000DB38B /* IGameComponent.h */,
				B5DDE80411FF0B2D000DB38B /* IUpdatable.h */,
				B5DDE80611FF0B3C000DB38B /* IDrawable.h */,
				B5DDE7FD11FF0A0F000DB38B /* GameComponentCollection.h */,
				B5DDE7FE11FF0A0F000DB38B /* GameComponentCollection.m */,
				B5DDE80811FF0C24000DB38B /* GameComponentCollectionEventArgs.h */,
				B5DDE80911FF0C24000DB38B /* GameComponentCollectionEventArgs.m */,
				B5DDE82011FF0D4F000DB38B /* GameTime.h */,
				B5DDE82111FF0D4F000DB38B /* GameTime.m */,
			);
			path = Framework;
			sourceTree = "<group>";
		};
		B5DE188F11F887D200BF3275 /* System */ = {
			isa = PBXGroup;
			children = (
				B5DE189E11F8886D00BF3275 /* System.classes.h */,
				B5DE18A311F888BC00BF3275 /* System.h */,
				B5DE189211F8884A00BF3275 /* Delegate.h */,
				B5DE189311F8884A00BF3275 /* Delegate.m */,
				B5DE189411F8884A00BF3275 /* Event.h */,
				B5DE189511F8884A00BF3275 /* Event.m */,
				B5DE189611F8884A00BF3275 /* EventArgs.h */,
				B5DE189711F8884A00BF3275 /* EventArgs.m */,
			);
			path = System;
			sourceTree = "<group>";
		};
/* End PBXGroup section */

/* Begin PBXHeadersBuildPhase section */
		D2AAC07A0554694100DB518D /* Headers */ = {
			isa = PBXHeadersBuildPhase;
			buildActionMask = 2147483647;
			files = (
				B5DDEA2811FF62FD000DB38B /* System.classes.h in Headers */,
				B5DE18A411F888BC00BF3275 /* System.h in Headers */,
				B5DE189811F8884A00BF3275 /* Delegate.h in Headers */,
				B5DE189A11F8884A00BF3275 /* Event.h in Headers */,
				B5DE189C11F8884A00BF3275 /* EventArgs.h in Headers */,
				B5DE18A111F8888B00BF3275 /* Retronator.Xni.Framework.classes.h in Headers */,
				B5DE18A211F8888B00BF3275 /* Retronator.Xni.Framework.h in Headers */,
				B5DE18FE11F88AD900BF3275 /* GameHost.h in Headers */,
				B5DE190011F88AD900BF3275 /* GameWindow.h in Headers */,
				B5DE190411F88AF500BF3275 /* Rectangle.h in Headers */,
				B5DE190711F88B5D00BF3275 /* RectangleStruct.h in Headers */,
				B5DE193111F898AE00BF3275 /* DisplayOrientation.h in Headers */,
				B5DE194A11F89C0900BF3275 /* GameViewController.h in Headers */,
				B5DE194E11F89C1F00BF3275 /* GameView.h in Headers */,
				B5DDE7EB11FF04E3000DB38B /* Game.h in Headers */,
				B5DDE7EF11FF06BB000DB38B /* GameServiceContainer.h in Headers */,
				B5DDE7FF11FF0A0F000DB38B /* GameComponentCollection.h in Headers */,
				B5DDE80211FF0AE3000DB38B /* IGameComponent.h in Headers */,
				B5DDE80511FF0B2D000DB38B /* IUpdatable.h in Headers */,
				B5DDE80711FF0B3C000DB38B /* IDrawable.h in Headers */,
				B5DDE80A11FF0C24000DB38B /* GameComponentCollectionEventArgs.h in Headers */,
				B5DDE82211FF0D4F000DB38B /* GameTime.h in Headers */,
				B5DDE82B11FF10EF000DB38B /* IGraphicsDeviceService.h in Headers */,
				B5DDE82D11FF10FD000DB38B /* IGraphicsDeviceManager.h in Headers */,
				B5DDE82F11FF1213000DB38B /* Retronator.Xni.Framework.Graphics.classes.h in Headers */,
				B5DDE83111FF1222000DB38B /* Retronator.Xni.Framework.Graphics.h in Headers */,
				B5DDE85C11FF1326000DB38B /* GraphicsDevice.h in Headers */,
				B5DDE89611FF16A3000DB38B /* Protocols.h in Headers */,
				B5DDE8C311FF29E8000DB38B /* ReachGraphicsDevice.h in Headers */,
				B5DDE8C711FF2A23000DB38B /* HiDefGraphicsDevice.h in Headers */,
				B5DDE8CA11FF2AD6000DB38B /* Enums.h in Headers */,
				B5DDE90911FF352E000DB38B /* Color.h in Headers */,
				B5DDE99111FF546B000DB38B /* GraphicsDeviceManager.h in Headers */,
				B5F4E2A912095FAF00B2FC0F /* XNI_Prefix.pch in Headers */,
				B50806FF122E4ECF00C330E2 /* Texture.h in Headers */,
				B5080703122E4EE900C330E2 /* Texture2D.h in Headers */,
				B508070C122E4FBB00C330E2 /* GraphicsResource.h in Headers */,
			);
			runOnlyForDeploymentPostprocessing = 0;
		};
/* End PBXHeadersBuildPhase section */

/* Begin PBXNativeTarget section */
		D2AAC07D0554694100DB518D /* XNI */ = {
			isa = PBXNativeTarget;
			buildConfigurationList = 1DEB921E08733DC00010E9CD /* Build configuration list for PBXNativeTarget "XNI" */;
			buildPhases = (
				D2AAC07A0554694100DB518D /* Headers */,
				D2AAC07B0554694100DB518D /* Sources */,
				D2AAC07C0554694100DB518D /* Frameworks */,
			);
			buildRules = (
			);
			dependencies = (
			);
			name = XNI;
			productName = XNI;
			productReference = D2AAC07E0554694100DB518D /* libXNI.a */;
			productType = "com.apple.product-type.library.static";
		};
/* End PBXNativeTarget section */

/* Begin PBXProject section */
		0867D690FE84028FC02AAC07 /* Project object */ = {
			isa = PBXProject;
			attributes = {
				ORGANIZATIONNAME = Retronator;
			};
			buildConfigurationList = 1DEB922208733DC00010E9CD /* Build configuration list for PBXProject "XNI" */;
			compatibilityVersion = "Xcode 3.1";
			hasScannedForEncodings = 1;
			mainGroup = 0867D691FE84028FC02AAC07 /* XNI */;
			productRefGroup = 034768DFFF38A50411DB9C8B /* Products */;
			projectDirPath = "";
			projectRoot = "";
			targets = (
				D2AAC07D0554694100DB518D /* XNI */,
			);
		};
/* End PBXProject section */

/* Begin PBXSourcesBuildPhase section */
		D2AAC07B0554694100DB518D /* Sources */ = {
			isa = PBXSourcesBuildPhase;
			buildActionMask = 2147483647;
			files = (
				B5DE189911F8884A00BF3275 /* Delegate.m in Sources */,
				B5DE189B11F8884A00BF3275 /* Event.m in Sources */,
				B5DE189D11F8884A00BF3275 /* EventArgs.m in Sources */,
				B5DE18FF11F88AD900BF3275 /* GameHost.m in Sources */,
				B5DE190111F88AD900BF3275 /* GameWindow.m in Sources */,
				B5DE190511F88AF500BF3275 /* Rectangle.m in Sources */,
				B5DE194B11F89C0900BF3275 /* GameViewController.m in Sources */,
				B5DE194F11F89C1F00BF3275 /* GameView.m in Sources */,
				B5DDE7EC11FF04E3000DB38B /* Game.m in Sources */,
				B5DDE7F011FF06BB000DB38B /* GameServiceContainer.m in Sources */,
				B5DDE80011FF0A0F000DB38B /* GameComponentCollection.m in Sources */,
				B5DDE80B11FF0C24000DB38B /* GameComponentCollectionEventArgs.m in Sources */,
				B5DDE82311FF0D4F000DB38B /* GameTime.m in Sources */,
				B5DDE85D11FF1326000DB38B /* GraphicsDevice.m in Sources */,
				B5DDE89711FF16A3000DB38B /* Protocols.m in Sources */,
				B5DDE8C411FF29E8000DB38B /* ReachGraphicsDevice.m in Sources */,
				B5DDE8C811FF2A23000DB38B /* HiDefGraphicsDevice.m in Sources */,
				B5DDE90A11FF352E000DB38B /* Color.m in Sources */,
				B5DDE99211FF546B000DB38B /* GraphicsDeviceManager.m in Sources */,
				B5080700122E4ECF00C330E2 /* Texture.m in Sources */,
				B5080704122E4EE900C330E2 /* Texture2D.m in Sources */,
				B508070D122E4FBB00C330E2 /* GraphicsResource.m in Sources */,
			);
			runOnlyForDeploymentPostprocessing = 0;
		};
/* End PBXSourcesBuildPhase section */

/* Begin XCBuildConfiguration section */
		1DEB921F08733DC00010E9CD /* Debug */ = {
			isa = XCBuildConfiguration;
			buildSettings = {
				ALWAYS_SEARCH_USER_PATHS = NO;
				ARCHS = "$(ARCHS_STANDARD_32_BIT)";
				COPY_PHASE_STRIP = NO;
				DSTROOT = /tmp/XNI.dst;
				GCC_DYNAMIC_NO_PIC = NO;
				GCC_ENABLE_FIX_AND_CONTINUE = YES;
				GCC_MODEL_TUNING = G5;
				GCC_OPTIMIZATION_LEVEL = 0;
				GCC_PRECOMPILE_PREFIX_HEADER = YES;
				GCC_PREFIX_HEADER = XNI_Prefix.pch;
				INSTALL_PATH = /usr/local/lib;
				PRODUCT_NAME = XNI;
			};
			name = Debug;
		};
		1DEB922008733DC00010E9CD /* Release */ = {
			isa = XCBuildConfiguration;
			buildSettings = {
				ALWAYS_SEARCH_USER_PATHS = NO;
				ARCHS = "$(ARCHS_STANDARD_32_BIT)";
				DSTROOT = /tmp/XNI.dst;
				GCC_MODEL_TUNING = G5;
				GCC_PRECOMPILE_PREFIX_HEADER = YES;
				GCC_PREFIX_HEADER = "XNOC iOS_Prefix.pch";
				INSTALL_PATH = /usr/local/lib;
				PRODUCT_NAME = XNI;
			};
			name = Release;
		};
		1DEB922308733DC00010E9CD /* Debug */ = {
			isa = XCBuildConfiguration;
			buildSettings = {
				ARCHS = "$(ARCHS_STANDARD_32_BIT)";
				GCC_C_LANGUAGE_STANDARD = c99;
				GCC_OPTIMIZATION_LEVEL = 0;
				GCC_PREPROCESSOR_DEFINITIONS = "";
				GCC_WARN_ABOUT_RETURN_TYPE = YES;
				GCC_WARN_UNUSED_VARIABLE = YES;
				OTHER_LDFLAGS = "-ObjC";
				PREBINDING = NO;
				SDKROOT = iphoneos4.0;
			};
			name = Debug;
		};
		1DEB922408733DC00010E9CD /* Release */ = {
			isa = XCBuildConfiguration;
			buildSettings = {
				ARCHS = "$(ARCHS_STANDARD_32_BIT)";
				GCC_C_LANGUAGE_STANDARD = c99;
				GCC_WARN_ABOUT_RETURN_TYPE = YES;
				GCC_WARN_UNUSED_VARIABLE = YES;
				OTHER_LDFLAGS = "-ObjC";
				PREBINDING = NO;
				SDKROOT = iphoneos4.0;
			};
			name = Release;
		};
/* End XCBuildConfiguration section */

/* Begin XCConfigurationList section */
		1DEB921E08733DC00010E9CD /* Build configuration list for PBXNativeTarget "XNI" */ = {
			isa = XCConfigurationList;
			buildConfigurations = (
				1DEB921F08733DC00010E9CD /* Debug */,
				1DEB922008733DC00010E9CD /* Release */,
			);
			defaultConfigurationIsVisible = 0;
			defaultConfigurationName = Release;
		};
		1DEB922208733DC00010E9CD /* Build configuration list for PBXProject "XNI" */ = {
			isa = XCConfigurationList;
			buildConfigurations = (
				1DEB922308733DC00010E9CD /* Debug */,
				1DEB922408733DC00010E9CD /* Release */,
			);
			defaultConfigurationIsVisible = 0;
			defaultConfigurationName = Release;
		};
/* End XCConfigurationList section */
	};
	rootObject = 0867D690FE84028FC02AAC07 /* Project object */;
}
