// !$*UTF8*$!
{
	archiveVersion = 1;
	classes = {
	};
	objectVersion = 45;
	objects = {

/* Begin PBXBuildFile section */
		AA747D9F0F9514B9006C5449 /* XNI_Prefix.pch in Headers */ = {isa = PBXBuildFile; fileRef = AA747D9E0F9514B9006C5449 /* XNI_Prefix.pch */; };
		AACBBE4A0F95108600F1A2B1 /* Foundation.framework in Frameworks */ = {isa = PBXBuildFile; fileRef = AACBBE490F95108600F1A2B1 /* Foundation.framework */; };
		B5DE189811F8884A00BF3275 /* Delegate.h in Headers */ = {isa = PBXBuildFile; fileRef = B5DE189211F8884A00BF3275 /* Delegate.h */; };
		B5DE189911F8884A00BF3275 /* Delegate.m in Sources */ = {isa = PBXBuildFile; fileRef = B5DE189311F8884A00BF3275 /* Delegate.m */; };
		B5DE189A11F8884A00BF3275 /* Event.h in Headers */ = {isa = PBXBuildFile; fileRef = B5DE189411F8884A00BF3275 /* Event.h */; };
		B5DE189B11F8884A00BF3275 /* Event.m in Sources */ = {isa = PBXBuildFile; fileRef = B5DE189511F8884A00BF3275 /* Event.m */; };
		B5DE189C11F8884A00BF3275 /* EventArgs.h in Headers */ = {isa = PBXBuildFile; fileRef = B5DE189611F8884A00BF3275 /* EventArgs.h */; };
		B5DE189D11F8884A00BF3275 /* EventArgs.m in Sources */ = {isa = PBXBuildFile; fileRef = B5DE189711F8884A00BF3275 /* EventArgs.m */; };
		B5DE18A111F8888B00BF3275 /* Retronator.Xni.Framework.classes.h in Headers */ = {isa = PBXBuildFile; fileRef = B5DE189F11F8888B00BF3275 /* Retronator.Xni.Framework.classes.h */; };
		B5DE18A211F8888B00BF3275 /* Retronator.Xni.Framework.h in Headers */ = {isa = PBXBuildFile; fileRef = B5DE18A011F8888B00BF3275 /* Retronator.Xni.Framework.h */; };
		B5DE18A411F888BC00BF3275 /* System.h in Headers */ = {isa = PBXBuildFile; fileRef = B5DE18A311F888BC00BF3275 /* System.h */; };
		B5DE18FE11F88AD900BF3275 /* GameHost.h in Headers */ = {isa = PBXBuildFile; fileRef = B5DE18FA11F88AD900BF3275 /* GameHost.h */; };
		B5DE18FF11F88AD900BF3275 /* GameHost.m in Sources */ = {isa = PBXBuildFile; fileRef = B5DE18FB11F88AD900BF3275 /* GameHost.m */; };
		B5DE190011F88AD900BF3275 /* GameWindow.h in Headers */ = {isa = PBXBuildFile; fileRef = B5DE18FC11F88AD900BF3275 /* GameWindow.h */; };
		B5DE190111F88AD900BF3275 /* GameWindow.m in Sources */ = {isa = PBXBuildFile; fileRef = B5DE18FD11F88AD900BF3275 /* GameWindow.m */; };
		B5DE190411F88AF500BF3275 /* Rectangle.h in Headers */ = {isa = PBXBuildFile; fileRef = B5DE190211F88AF500BF3275 /* Rectangle.h */; };
		B5DE190511F88AF500BF3275 /* Rectangle.m in Sources */ = {isa = PBXBuildFile; fileRef = B5DE190311F88AF500BF3275 /* Rectangle.m */; };
		B5DE190711F88B5D00BF3275 /* RectangleStruct.h in Headers */ = {isa = PBXBuildFile; fileRef = B5DE190611F88B5D00BF3275 /* RectangleStruct.h */; };
		B5DE193111F898AE00BF3275 /* DisplayOrientation.h in Headers */ = {isa = PBXBuildFile; fileRef = B5DE193011F898AE00BF3275 /* DisplayOrientation.h */; };
/* End PBXBuildFile section */

/* Begin PBXFileReference section */
		AA747D9E0F9514B9006C5449 /* XNI_Prefix.pch */ = {isa = PBXFileReference; fileEncoding = 4; lastKnownFileType = sourcecode.c.h; path = XNI_Prefix.pch; sourceTree = SOURCE_ROOT; };
		AACBBE490F95108600F1A2B1 /* Foundation.framework */ = {isa = PBXFileReference; lastKnownFileType = wrapper.framework; name = Foundation.framework; path = System/Library/Frameworks/Foundation.framework; sourceTree = SDKROOT; };
		B5DE189211F8884A00BF3275 /* Delegate.h */ = {isa = PBXFileReference; fileEncoding = 4; lastKnownFileType = sourcecode.c.h; path = Delegate.h; sourceTree = "<group>"; };
		B5DE189311F8884A00BF3275 /* Delegate.m */ = {isa = PBXFileReference; fileEncoding = 4; lastKnownFileType = sourcecode.c.objc; path = Delegate.m; sourceTree = "<group>"; };
		B5DE189411F8884A00BF3275 /* Event.h */ = {isa = PBXFileReference; fileEncoding = 4; lastKnownFileType = sourcecode.c.h; path = Event.h; sourceTree = "<group>"; };
		B5DE189511F8884A00BF3275 /* Event.m */ = {isa = PBXFileReference; fileEncoding = 4; lastKnownFileType = sourcecode.c.objc; path = Event.m; sourceTree = "<group>"; };
		B5DE189611F8884A00BF3275 /* EventArgs.h */ = {isa = PBXFileReference; fileEncoding = 4; lastKnownFileType = sourcecode.c.h; path = EventArgs.h; sourceTree = "<group>"; };
		B5DE189711F8884A00BF3275 /* EventArgs.m */ = {isa = PBXFileReference; fileEncoding = 4; lastKnownFileType = sourcecode.c.objc; path = EventArgs.m; sourceTree = "<group>"; };
		B5DE189E11F8886D00BF3275 /* System.classes.h */ = {isa = PBXFileReference; fileEncoding = 4; lastKnownFileType = sourcecode.c.h; path = System.classes.h; sourceTree = "<group>"; };
		B5DE189F11F8888B00BF3275 /* Retronator.Xni.Framework.classes.h */ = {isa = PBXFileReference; fileEncoding = 4; lastKnownFileType = sourcecode.c.h; path = Retronator.Xni.Framework.classes.h; sourceTree = "<group>"; };
		B5DE18A011F8888B00BF3275 /* Retronator.Xni.Framework.h */ = {isa = PBXFileReference; fileEncoding = 4; lastKnownFileType = sourcecode.c.h; path = Retronator.Xni.Framework.h; sourceTree = "<group>"; };
		B5DE18A311F888BC00BF3275 /* System.h */ = {isa = PBXFileReference; fileEncoding = 4; lastKnownFileType = sourcecode.c.h; path = System.h; sourceTree = "<group>"; };
		B5DE18FA11F88AD900BF3275 /* GameHost.h */ = {isa = PBXFileReference; fileEncoding = 4; lastKnownFileType = sourcecode.c.h; path = GameHost.h; sourceTree = "<group>"; };
		B5DE18FB11F88AD900BF3275 /* GameHost.m */ = {isa = PBXFileReference; fileEncoding = 4; lastKnownFileType = sourcecode.c.objc; path = GameHost.m; sourceTree = "<group>"; };
		B5DE18FC11F88AD900BF3275 /* GameWindow.h */ = {isa = PBXFileReference; fileEncoding = 4; lastKnownFileType = sourcecode.c.h; path = GameWindow.h; sourceTree = "<group>"; };
		B5DE18FD11F88AD900BF3275 /* GameWindow.m */ = {isa = PBXFileReference; fileEncoding = 4; lastKnownFileType = sourcecode.c.objc; path = GameWindow.m; sourceTree = "<group>"; };
		B5DE190211F88AF500BF3275 /* Rectangle.h */ = {isa = PBXFileReference; fileEncoding = 4; lastKnownFileType = sourcecode.c.h; path = Rectangle.h; sourceTree = "<group>"; };
		B5DE190311F88AF500BF3275 /* Rectangle.m */ = {isa = PBXFileReference; fileEncoding = 4; lastKnownFileType = sourcecode.c.objc; path = Rectangle.m; sourceTree = "<group>"; };
		B5DE190611F88B5D00BF3275 /* RectangleStruct.h */ = {isa = PBXFileReference; fileEncoding = 4; lastKnownFileType = sourcecode.c.h; path = RectangleStruct.h; sourceTree = "<group>"; };
		B5DE193011F898AE00BF3275 /* DisplayOrientation.h */ = {isa = PBXFileReference; fileEncoding = 4; lastKnownFileType = sourcecode.c.h; path = DisplayOrientation.h; sourceTree = "<group>"; };
		D2AAC07E0554694100DB518D /* libXNI.a */ = {isa = PBXFileReference; explicitFileType = archive.ar; includeInIndex = 0; path = libXNI.a; sourceTree = BUILT_PRODUCTS_DIR; };
/* End PBXFileReference section */

/* Begin PBXFrameworksBuildPhase section */
		D2AAC07C0554694100DB518D /* Frameworks */ = {
			isa = PBXFrameworksBuildPhase;
			buildActionMask = 2147483647;
			files = (
				AACBBE4A0F95108600F1A2B1 /* Foundation.framework in Frameworks */,
			);
			runOnlyForDeploymentPostprocessing = 0;
		};
/* End PBXFrameworksBuildPhase section */

/* Begin PBXGroup section */
		034768DFFF38A50411DB9C8B /* Products */ = {
			isa = PBXGroup;
			children = (
				D2AAC07E0554694100DB518D /* libXNI.a */,
			);
			name = Products;
			sourceTree = "<group>";
		};
		0867D691FE84028FC02AAC07 /* XNI */ = {
			isa = PBXGroup;
			children = (
				08FB77AEFE84172EC02AAC07 /* Classes */,
				32C88DFF0371C24200C91783 /* Other Sources */,
				0867D69AFE84028FC02AAC07 /* Frameworks */,
				034768DFFF38A50411DB9C8B /* Products */,
			);
			name = XNI;
			sourceTree = "<group>";
		};
		0867D69AFE84028FC02AAC07 /* Frameworks */ = {
			isa = PBXGroup;
			children = (
				AACBBE490F95108600F1A2B1 /* Foundation.framework */,
			);
			name = Frameworks;
			sourceTree = "<group>";
		};
		08FB77AEFE84172EC02AAC07 /* Classes */ = {
			isa = PBXGroup;
			children = (
				B5DE188611F885E500BF3275 /* Retronator */,
				B5DE188F11F887D200BF3275 /* System */,
			);
			path = Classes;
			sourceTree = "<group>";
		};
		32C88DFF0371C24200C91783 /* Other Sources */ = {
			isa = PBXGroup;
			children = (
				AA747D9E0F9514B9006C5449 /* XNI_Prefix.pch */,
			);
			name = "Other Sources";
			sourceTree = "<group>";
		};
		B5DE188611F885E500BF3275 /* Retronator */ = {
			isa = PBXGroup;
			children = (
				B5DE188D11F8879500BF3275 /* Xni */,
			);
			path = Retronator;
			sourceTree = "<group>";
		};
		B5DE188D11F8879500BF3275 /* Xni */ = {
			isa = PBXGroup;
			children = (
				B5DE188E11F887A000BF3275 /* Framework */,
			);
			path = Xni;
			sourceTree = "<group>";
		};
		B5DE188E11F887A000BF3275 /* Framework */ = {
			isa = PBXGroup;
			children = (
				B5DE189F11F8888B00BF3275 /* Retronator.Xni.Framework.classes.h */,
				B5DE18A011F8888B00BF3275 /* Retronator.Xni.Framework.h */,
				B5DE18FA11F88AD900BF3275 /* GameHost.h */,
				B5DE18FB11F88AD900BF3275 /* GameHost.m */,
				B5DE18FC11F88AD900BF3275 /* GameWindow.h */,
				B5DE18FD11F88AD900BF3275 /* GameWindow.m */,
				B5DE190611F88B5D00BF3275 /* RectangleStruct.h */,
				B5DE190211F88AF500BF3275 /* Rectangle.h */,
				B5DE190311F88AF500BF3275 /* Rectangle.m */,
				B5DE193011F898AE00BF3275 /* DisplayOrientation.h */,
			);
			path = Framework;
			sourceTree = "<group>";
		};
		B5DE188F11F887D200BF3275 /* System */ = {
			isa = PBXGroup;
			children = (
				B5DE189E11F8886D00BF3275 /* System.classes.h */,
				B5DE18A311F888BC00BF3275 /* System.h */,
				B5DE189211F8884A00BF3275 /* Delegate.h */,
				B5DE189311F8884A00BF3275 /* Delegate.m */,
				B5DE189411F8884A00BF3275 /* Event.h */,
				B5DE189511F8884A00BF3275 /* Event.m */,
				B5DE189611F8884A00BF3275 /* EventArgs.h */,
				B5DE189711F8884A00BF3275 /* EventArgs.m */,
			);
			path = System;
			sourceTree = "<group>";
		};
/* End PBXGroup section */

/* Begin PBXHeadersBuildPhase section */
		D2AAC07A0554694100DB518D /* Headers */ = {
			isa = PBXHeadersBuildPhase;
			buildActionMask = 2147483647;
			files = (
				AA747D9F0F9514B9006C5449 /* XNI_Prefix.pch in Headers */,
				B5DE189811F8884A00BF3275 /* Delegate.h in Headers */,
				B5DE189A11F8884A00BF3275 /* Event.h in Headers */,
				B5DE189C11F8884A00BF3275 /* EventArgs.h in Headers */,
				B5DE18A111F8888B00BF3275 /* Retronator.Xni.Framework.classes.h in Headers */,
				B5DE18A211F8888B00BF3275 /* Retronator.Xni.Framework.h in Headers */,
				B5DE18A411F888BC00BF3275 /* System.h in Headers */,
				B5DE18FE11F88AD900BF3275 /* GameHost.h in Headers */,
				B5DE190011F88AD900BF3275 /* GameWindow.h in Headers */,
				B5DE190411F88AF500BF3275 /* Rectangle.h in Headers */,
				B5DE190711F88B5D00BF3275 /* RectangleStruct.h in Headers */,
				B5DE193111F898AE00BF3275 /* DisplayOrientation.h in Headers */,
			);
			runOnlyForDeploymentPostprocessing = 0;
		};
/* End PBXHeadersBuildPhase section */

/* Begin PBXNativeTarget section */
		D2AAC07D0554694100DB518D /* XNI */ = {
			isa = PBXNativeTarget;
			buildConfigurationList = 1DEB921E08733DC00010E9CD /* Build configuration list for PBXNativeTarget "XNI" */;
			buildPhases = (
				D2AAC07A0554694100DB518D /* Headers */,
				D2AAC07B0554694100DB518D /* Sources */,
				D2AAC07C0554694100DB518D /* Frameworks */,
			);
			buildRules = (
			);
			dependencies = (
			);
			name = XNI;
			productName = XNI;
			productReference = D2AAC07E0554694100DB518D /* libXNI.a */;
			productType = "com.apple.product-type.library.static";
		};
/* End PBXNativeTarget section */

/* Begin PBXProject section */
		0867D690FE84028FC02AAC07 /* Project object */ = {
			isa = PBXProject;
			buildConfigurationList = 1DEB922208733DC00010E9CD /* Build configuration list for PBXProject "XNI" */;
			compatibilityVersion = "Xcode 3.1";
			hasScannedForEncodings = 1;
			mainGroup = 0867D691FE84028FC02AAC07 /* XNI */;
			productRefGroup = 034768DFFF38A50411DB9C8B /* Products */;
			projectDirPath = "";
			projectRoot = "";
			targets = (
				D2AAC07D0554694100DB518D /* XNI */,
			);
		};
/* End PBXProject section */

/* Begin PBXSourcesBuildPhase section */
		D2AAC07B0554694100DB518D /* Sources */ = {
			isa = PBXSourcesBuildPhase;
			buildActionMask = 2147483647;
			files = (
				B5DE189911F8884A00BF3275 /* Delegate.m in Sources */,
				B5DE189B11F8884A00BF3275 /* Event.m in Sources */,
				B5DE189D11F8884A00BF3275 /* EventArgs.m in Sources */,
				B5DE18FF11F88AD900BF3275 /* GameHost.m in Sources */,
				B5DE190111F88AD900BF3275 /* GameWindow.m in Sources */,
				B5DE190511F88AF500BF3275 /* Rectangle.m in Sources */,
			);
			runOnlyForDeploymentPostprocessing = 0;
		};
/* End PBXSourcesBuildPhase section */

/* Begin XCBuildConfiguration section */
		1DEB921F08733DC00010E9CD /* Debug */ = {
			isa = XCBuildConfiguration;
			buildSettings = {
				ALWAYS_SEARCH_USER_PATHS = NO;
				ARCHS = "$(ARCHS_STANDARD_32_BIT)";
				COPY_PHASE_STRIP = NO;
				DSTROOT = /tmp/XNI.dst;
				GCC_DYNAMIC_NO_PIC = NO;
				GCC_ENABLE_FIX_AND_CONTINUE = YES;
				GCC_MODEL_TUNING = G5;
				GCC_OPTIMIZATION_LEVEL = 0;
				GCC_PRECOMPILE_PREFIX_HEADER = YES;
				GCC_PREFIX_HEADER = XNI_Prefix.pch;
				INSTALL_PATH = /usr/local/lib;
				PRODUCT_NAME = XNI;
			};
			name = Debug;
		};
		1DEB922008733DC00010E9CD /* Release */ = {
			isa = XCBuildConfiguration;
			buildSettings = {
				ALWAYS_SEARCH_USER_PATHS = NO;
				ARCHS = "$(ARCHS_STANDARD_32_BIT)";
				DSTROOT = /tmp/XNI.dst;
				GCC_MODEL_TUNING = G5;
				GCC_PRECOMPILE_PREFIX_HEADER = YES;
				GCC_PREFIX_HEADER = XNI_Prefix.pch;
				INSTALL_PATH = /usr/local/lib;
				PRODUCT_NAME = XNI;
			};
			name = Release;
		};
		1DEB922308733DC00010E9CD /* Debug */ = {
			isa = XCBuildConfiguration;
			buildSettings = {
				ARCHS = "$(ARCHS_STANDARD_32_BIT)";
				GCC_C_LANGUAGE_STANDARD = c99;
				GCC_OPTIMIZATION_LEVEL = 0;
				GCC_WARN_ABOUT_RETURN_TYPE = YES;
				GCC_WARN_UNUSED_VARIABLE = YES;
				OTHER_LDFLAGS = "-ObjC";
				PREBINDING = NO;
				SDKROOT = iphoneos4.0;
			};
			name = Debug;
		};
		1DEB922408733DC00010E9CD /* Release */ = {
			isa = XCBuildConfiguration;
			buildSettings = {
				ARCHS = "$(ARCHS_STANDARD_32_BIT)";
				GCC_C_LANGUAGE_STANDARD = c99;
				GCC_WARN_ABOUT_RETURN_TYPE = YES;
				GCC_WARN_UNUSED_VARIABLE = YES;
				OTHER_LDFLAGS = "-ObjC";
				PREBINDING = NO;
				SDKROOT = iphoneos4.0;
			};
			name = Release;
		};
/* End XCBuildConfiguration section */

/* Begin XCConfigurationList section */
		1DEB921E08733DC00010E9CD /* Build configuration list for PBXNativeTarget "XNI" */ = {
			isa = XCConfigurationList;
			buildConfigurations = (
				1DEB921F08733DC00010E9CD /* Debug */,
				1DEB922008733DC00010E9CD /* Release */,
			);
			defaultConfigurationIsVisible = 0;
			defaultConfigurationName = Release;
		};
		1DEB922208733DC00010E9CD /* Build configuration list for PBXProject "XNI" */ = {
			isa = XCConfigurationList;
			buildConfigurations = (
				1DEB922308733DC00010E9CD /* Debug */,
				1DEB922408733DC00010E9CD /* Release */,
			);
			defaultConfigurationIsVisible = 0;
			defaultConfigurationName = Release;
		};
/* End XCConfigurationList section */
	};
	rootObject = 0867D690FE84028FC02AAC07 /* Project object */;
}
